// !$*UTF8*$!
{
	archiveVersion = 1;
	classes = {
	};
	objectVersion = 46;
	objects = {

/* Begin PBXBuildFile section */
		1926D3321F24F63100B3658E /* AppDelegate.swift in Sources */ = {isa = PBXBuildFile; fileRef = 1926D3311F24F63100B3658E /* AppDelegate.swift */; };
		1926D3371F24F63100B3658E /* Main.storyboard in Resources */ = {isa = PBXBuildFile; fileRef = 1926D3351F24F63100B3658E /* Main.storyboard */; };
		1926D3391F24F63100B3658E /* Assets.xcassets in Resources */ = {isa = PBXBuildFile; fileRef = 1926D3381F24F63100B3658E /* Assets.xcassets */; };
		1926D33C1F24F63100B3658E /* LaunchScreen.storyboard in Resources */ = {isa = PBXBuildFile; fileRef = 1926D33A1F24F63100B3658E /* LaunchScreen.storyboard */; };
		194986931F251086009BFF29 /* CircleButton.swift in Sources */ = {isa = PBXBuildFile; fileRef = 194986921F251086009BFF29 /* CircleButton.swift */; };
		194986951F25165F009BFF29 /* MainVC.swift in Sources */ = {isa = PBXBuildFile; fileRef = 194986941F25165F009BFF29 /* MainVC.swift */; };
		194986971F251FA8009BFF29 /* test.m4a in Resources */ = {isa = PBXBuildFile; fileRef = 194986961F251FA8009BFF29 /* test.m4a */; };
/* End PBXBuildFile section */

/* Begin PBXFileReference section */
		1926D32E1F24F63100B3658E /* SpeechRecognition.app */ = {isa = PBXFileReference; explicitFileType = wrapper.application; includeInIndex = 0; path = SpeechRecognition.app; sourceTree = BUILT_PRODUCTS_DIR; };
		1926D3311F24F63100B3658E /* AppDelegate.swift */ = {isa = PBXFileReference; lastKnownFileType = sourcecode.swift; path = AppDelegate.swift; sourceTree = "<group>"; };
		1926D3361F24F63100B3658E /* Base */ = {isa = PBXFileReference; lastKnownFileType = file.storyboard; name = Base; path = Base.lproj/Main.storyboard; sourceTree = "<group>"; };
		1926D3381F24F63100B3658E /* Assets.xcassets */ = {isa = PBXFileReference; lastKnownFileType = folder.assetcatalog; path = Assets.xcassets; sourceTree = "<group>"; };
		1926D33B1F24F63100B3658E /* Base */ = {isa = PBXFileReference; lastKnownFileType = file.storyboard; name = Base; path = Base.lproj/LaunchScreen.storyboard; sourceTree = "<group>"; };
		1926D33D1F24F63100B3658E /* Info.plist */ = {isa = PBXFileReference; lastKnownFileType = text.plist.xml; path = Info.plist; sourceTree = "<group>"; };
		194986921F251086009BFF29 /* CircleButton.swift */ = {isa = PBXFileReference; fileEncoding = 4; lastKnownFileType = sourcecode.swift; path = CircleButton.swift; sourceTree = "<group>"; };
		194986941F25165F009BFF29 /* MainVC.swift */ = {isa = PBXFileReference; fileEncoding = 4; lastKnownFileType = sourcecode.swift; path = MainVC.swift; sourceTree = "<group>"; };
		194986961F251FA8009BFF29 /* test.m4a */ = {isa = PBXFileReference; lastKnownFileType = file; path = test.m4a; sourceTree = "<group>"; };
/* End PBXFileReference section */

/* Begin PBXFrameworksBuildPhase section */
		1926D32B1F24F63100B3658E /* Frameworks */ = {
			isa = PBXFrameworksBuildPhase;
			buildActionMask = 2147483647;
			files = (
			);
			runOnlyForDeploymentPostprocessing = 0;
		};
/* End PBXFrameworksBuildPhase section */

/* Begin PBXGroup section */
		1926D3251F24F63000B3658E = {
			isa = PBXGroup;
			children = (
				1926D3301F24F63100B3658E /* SpeechRecognition */,
				1926D32F1F24F63100B3658E /* Products */,
			);
			sourceTree = "<group>";
		};
		1926D32F1F24F63100B3658E /* Products */ = {
			isa = PBXGroup;
			children = (
				1926D32E1F24F63100B3658E /* SpeechRecognition.app */,
			);
			name = Products;
			sourceTree = "<group>";
		};
		1926D3301F24F63100B3658E /* SpeechRecognition */ = {
			isa = PBXGroup;
			children = (
				194986911F25098C009BFF29 /* Model */,
				194986901F250984009BFF29 /* View */,
				1949868F1F25097C009BFF29 /* Controller */,
				1949868E1F250971009BFF29 /* Resources */,
				1926D3351F24F63100B3658E /* Main.storyboard */,
				1926D33A1F24F63100B3658E /* LaunchScreen.storyboard */,
			);
			path = SpeechRecognition;
			sourceTree = "<group>";
		};
		1949868E1F250971009BFF29 /* Resources */ = {
			isa = PBXGroup;
			children = (
				194986961F251FA8009BFF29 /* test.m4a */,
				1926D3381F24F63100B3658E /* Assets.xcassets */,
				1926D33D1F24F63100B3658E /* Info.plist */,
			);
			name = Resources;
			sourceTree = "<group>";
		};
		1949868F1F25097C009BFF29 /* Controller */ = {
			isa = PBXGroup;
			children = (
				1926D3311F24F63100B3658E /* AppDelegate.swift */,
				194986941F25165F009BFF29 /* MainVC.swift */,
			);
			name = Controller;
			sourceTree = "<group>";
		};
		194986901F250984009BFF29 /* View */ = {
			isa = PBXGroup;
			children = (
				194986921F251086009BFF29 /* CircleButton.swift */,
			);
			name = View;
			sourceTree = "<group>";
		};
		194986911F25098C009BFF29 /* Model */ = {
			isa = PBXGroup;
			children = (
			);
			name = Model;
			sourceTree = "<group>";
		};
/* End PBXGroup section */

/* Begin PBXNativeTarget section */
		1926D32D1F24F63100B3658E /* SpeechRecognition */ = {
			isa = PBXNativeTarget;
			buildConfigurationList = 1926D3401F24F63100B3658E /* Build configuration list for PBXNativeTarget "SpeechRecognition" */;
			buildPhases = (
				1926D32A1F24F63100B3658E /* Sources */,
				1926D32B1F24F63100B3658E /* Frameworks */,
				1926D32C1F24F63100B3658E /* Resources */,
			);
			buildRules = (
			);
			dependencies = (
			);
			name = SpeechRecognition;
			productName = SpeechRecognition;
			productReference = 1926D32E1F24F63100B3658E /* SpeechRecognition.app */;
			productType = "com.apple.product-type.application";
		};
/* End PBXNativeTarget section */

/* Begin PBXProject section */
		1926D3261F24F63000B3658E /* Project object */ = {
			isa = PBXProject;
			attributes = {
				LastSwiftUpdateCheck = 0830;
				LastUpgradeCheck = 0830;
				ORGANIZATIONNAME = rao;
				TargetAttributes = {
					1926D32D1F24F63100B3658E = {
						CreatedOnToolsVersion = 8.3.3;
						DevelopmentTeam = Y64W93464V;
						ProvisioningStyle = Automatic;
					};
				};
			};
			buildConfigurationList = 1926D3291F24F63000B3658E /* Build configuration list for PBXProject "SpeechRecognition" */;
			compatibilityVersion = "Xcode 3.2";
			developmentRegion = English;
			hasScannedForEncodings = 0;
			knownRegions = (
				en,
				Base,
			);
			mainGroup = 1926D3251F24F63000B3658E;
			productRefGroup = 1926D32F1F24F63100B3658E /* Products */;
			projectDirPath = "";
			projectRoot = "";
			targets = (
				1926D32D1F24F63100B3658E /* SpeechRecognition */,
			);
		};
/* End PBXProject section */

/* Begin PBXResourcesBuildPhase section */
		1926D32C1F24F63100B3658E /* Resources */ = {
			isa = PBXResourcesBuildPhase;
			buildActionMask = 2147483647;
			files = (
				194986971F251FA8009BFF29 /* test.m4a in Resources */,
				1926D33C1F24F63100B3658E /* LaunchScreen.storyboard in Resources */,
				1926D3391F24F63100B3658E /* Assets.xcassets in Resources */,
				1926D3371F24F63100B3658E /* Main.storyboard in Resources */,
			);
			runOnlyForDeploymentPostprocessing = 0;
		};
/* End PBXResourcesBuildPhase section */

/* Begin PBXSourcesBuildPhase section */
		1926D32A1F24F63100B3658E /* Sources */ = {
			isa = PBXSourcesBuildPhase;
			buildActionMask = 2147483647;
			files = (
				194986931F251086009BFF29 /* CircleButton.swift in Sources */,
				194986951F25165F009BFF29 /* MainVC.swift in Sources */,
				1926D3321F24F63100B3658E /* AppDelegate.swift in Sources */,
			);
			runOnlyForDeploymentPostprocessing = 0;
		};
/* End PBXSourcesBuildPhase section */

/* Begin PBXVariantGroup section */
		1926D3351F24F63100B3658E /* Main.storyboard */ = {
			isa = PBXVariantGroup;
			children = (
				1926D3361F24F63100B3658E /* Base */,
			);
			name = Main.storyboard;
			sourceTree = "<group>";
		};
		1926D33A1F24F63100B3658E /* LaunchScreen.storyboard */ = {
			isa = PBXVariantGroup;
			children = (
				1926D33B1F24F63100B3658E /* Base */,
			);
			name = LaunchScreen.storyboard;
			sourceTree = "<group>";
		};
/* End PBXVariantGroup section */

/* Begin XCBuildConfiguration section */
		1926D33E1F24F63100B3658E /* Debug */ = {
			isa = XCBuildConfiguration;
			buildSettings = {
				ALWAYS_SEARCH_USER_PATHS = NO;
				CLANG_ANALYZER_NONNULL = YES;
				CLANG_ANALYZER_NUMBER_OBJECT_CONVERSION = YES_AGGRESSIVE;
				CLANG_CXX_LANGUAGE_STANDARD = "gnu++0x";
				CLANG_CXX_LIBRARY = "libc++";
				CLANG_ENABLE_MODULES = YES;
				CLANG_ENABLE_OBJC_ARC = YES;
				CLANG_WARN_BOOL_CONVERSION = YES;
				CLANG_WARN_CONSTANT_CONVERSION = YES;
				CLANG_WARN_DIRECT_OBJC_ISA_USAGE = YES_ERROR;
				CLANG_WARN_DOCUMENTATION_COMMENTS = YES;
				CLANG_WARN_EMPTY_BODY = YES;
				CLANG_WARN_ENUM_CONVERSION = YES;
				CLANG_WARN_INFINITE_RECURSION = YES;
				CLANG_WARN_INT_CONVERSION = YES;
				CLANG_WARN_OBJC_ROOT_CLASS = YES_ERROR;
				CLANG_WARN_SUSPICIOUS_MOVE = YES;
				CLANG_WARN_UNREACHABLE_CODE = YES;
				CLANG_WARN__DUPLICATE_METHOD_MATCH = YES;
				"CODE_SIGN_IDENTITY[sdk=iphoneos*]" = "iPhone Developer";
				COPY_PHASE_STRIP = NO;
				DEBUG_INFORMATION_FORMAT = dwarf;
				ENABLE_STRICT_OBJC_MSGSEND = YES;
				ENABLE_TESTABILITY = YES;
				GCC_C_LANGUAGE_STANDARD = gnu99;
				GCC_DYNAMIC_NO_PIC = NO;
				GCC_NO_COMMON_BLOCKS = YES;
				GCC_OPTIMIZATION_LEVEL = 0;
				GCC_PREPROCESSOR_DEFINITIONS = (
					"DEBUG=1",
					"$(inherited)",
				);
				GCC_WARN_64_TO_32_BIT_CONVERSION = YES;
				GCC_WARN_ABOUT_RETURN_TYPE = YES_ERROR;
				GCC_WARN_UNDECLARED_SELECTOR = YES;
				GCC_WARN_UNINITIALIZED_AUTOS = YES_AGGRESSIVE;
				GCC_WARN_UNUSED_FUNCTION = YES;
				GCC_WARN_UNUSED_VARIABLE = YES;
				IPHONEOS_DEPLOYMENT_TARGET = 10.3;
				MTL_ENABLE_DEBUG_INFO = YES;
				ONLY_ACTIVE_ARCH = YES;
				SDKROOT = iphoneos;
				SWIFT_ACTIVE_COMPILATION_CONDITIONS = DEBUG;
				SWIFT_OPTIMIZATION_LEVEL = "-Onone";
				TARGETED_DEVICE_FAMILY = "1,2";
			};
			name = Debug;
		};
		1926D33F1F24F63100B3658E /* Release */ = {
			isa = XCBuildConfiguration;
			buildSettings = {
				ALWAYS_SEARCH_USER_PATHS = NO;
				CLANG_ANALYZER_NONNULL = YES;
				CLANG_ANALYZER_NUMBER_OBJECT_CONVERSION = YES_AGGRESSIVE;
				CLANG_CXX_LANGUAGE_STANDARD = "gnu++0x";
				CLANG_CXX_LIBRARY = "libc++";
				CLANG_ENABLE_MODULES = YES;
				CLANG_ENABLE_OBJC_ARC = YES;
				CLANG_WARN_BOOL_CONVERSION = YES;
				CLANG_WARN_CONSTANT_CONVERSION = YES;
				CLANG_WARN_DIRECT_OBJC_ISA_USAGE = YES_ERROR;
				CLANG_WARN_DOCUMENTATION_COMMENTS = YES;
				CLANG_WARN_EMPTY_BODY = YES;
				CLANG_WARN_ENUM_CONVERSION = YES;
				CLANG_WARN_INFINITE_RECURSION = YES;
				CLANG_WARN_INT_CONVERSION = YES;
				CLANG_WARN_OBJC_ROOT_CLASS = YES_ERROR;
				CLANG_WARN_SUSPICIOUS_MOVE = YES;
				CLANG_WARN_UNREACHABLE_CODE = YES;
				CLANG_WARN__DUPLICATE_METHOD_MATCH = YES;
				"CODE_SIGN_IDENTITY[sdk=iphoneos*]" = "iPhone Developer";
				COPY_PHASE_STRIP = NO;
				DEBUG_INFORMATION_FORMAT = "dwarf-with-dsym";
				ENABLE_NS_ASSERTIONS = NO;
				ENABLE_STRICT_OBJC_MSGSEND = YES;
				GCC_C_LANGUAGE_STANDARD = gnu99;
				GCC_NO_COMMON_BLOCKS = YES;
				GCC_WARN_64_TO_32_BIT_CONVERSION = YES;
				GCC_WARN_ABOUT_RETURN_TYPE = YES_ERROR;
				GCC_WARN_UNDECLARED_SELECTOR = YES;
				GCC_WARN_UNINITIALIZED_AUTOS = YES_AGGRESSIVE;
				GCC_WARN_UNUSED_FUNCTION = YES;
				GCC_WARN_UNUSED_VARIABLE = YES;
				IPHONEOS_DEPLOYMENT_TARGET = 10.3;
				MTL_ENABLE_DEBUG_INFO = NO;
				SDKROOT = iphoneos;
				SWIFT_OPTIMIZATION_LEVEL = "-Owholemodule";
				TARGETED_DEVICE_FAMILY = "1,2";
				VALIDATE_PRODUCT = YES;
			};
			name = Release;
		};
		1926D3411F24F63100B3658E /* Debug */ = {
			isa = XCBuildConfiguration;
			buildSettings = {
				ASSETCATALOG_COMPILER_APPICON_NAME = AppIcon;
				DEVELOPMENT_TEAM = Y64W93464V;
				INFOPLIST_FILE = SpeechRecognition/Info.plist;
				LD_RUNPATH_SEARCH_PATHS = "$(inherited) @executable_path/Frameworks";
				PRODUCT_BUNDLE_IDENTIFIER = com.rao.SpeechRecognition;
				PRODUCT_NAME = "$(TARGET_NAME)";
				SWIFT_VERSION = 3.0;
			};
			name = Debug;
		};
		1926D3421F24F63100B3658E /* Release */ = {
			isa = XCBuildConfiguration;
			buildSettings = {
				ASSETCATALOG_COMPILER_APPICON_NAME = AppIcon;
				DEVELOPMENT_TEAM = Y64W93464V;
				INFOPLIST_FILE = SpeechRecognition/Info.plist;
				LD_RUNPATH_SEARCH_PATHS = "$(inherited) @executable_path/Frameworks";
				PRODUCT_BUNDLE_IDENTIFIER = com.rao.SpeechRecognition;
				PRODUCT_NAME = "$(TARGET_NAME)";
				SWIFT_VERSION = 3.0;
			};
			name = Release;
		};
/* End XCBuildConfiguration section */

/* Begin XCConfigurationList section */
		1926D3291F24F63000B3658E /* Build configuration list for PBXProject "SpeechRecognition" */ = {
			isa = XCConfigurationList;
			buildConfigurations = (
				1926D33E1F24F63100B3658E /* Debug */,
				1926D33F1F24F63100B3658E /* Release */,
			);
			defaultConfigurationIsVisible = 0;
			defaultConfigurationName = Release;
		};
		1926D3401F24F63100B3658E /* Build configuration list for PBXNativeTarget "SpeechRecognition" */ = {
			isa = XCConfigurationList;
			buildConfigurations = (
				1926D3411F24F63100B3658E /* Debug */,
				1926D3421F24F63100B3658E /* Release */,
			);
			defaultConfigurationIsVisible = 0;
			defaultConfigurationName = Release;
		};
/* End XCConfigurationList section */
	};
	rootObject = 1926D3261F24F63000B3658E /* Project object */;
}
